
Microsoft Visual Studio Solution File, Format Version 12.00
# Visual Studio Version 17
VisualStudioVersion = 17.9.34616.47
MinimumVisualStudioVersion = 10.0.40219.1
Project("{9A19103F-16F7-4668-BE54-9A1E7A4F7556}") = "UIForm", "UIForm\UIForm.csproj", "{4E3E4DF3-5415-455C-B46D-C5A4A25CDCF7}"
EndProject
Project("{9A19103F-16F7-4668-BE54-9A1E7A4F7556}") = "Entity", "Entity\Entity.csproj", "{2ED27C40-5D5E-4B00-91F2-1D0531CF5363}"
EndProject
Project("{FAE04EC0-301F-11D3-BF4B-00C04F79EFBC}") = "Core", "Core\Core.csproj", "{2342FD80-0FE5-48DA-9F38-DBCD34E8C32E}"
EndProject
Project("{FAE04EC0-301F-11D3-BF4B-00C04F79EFBC}") = "DAL", "DAL\DAL.csproj", "{D33E1F7B-C90C-487A-8EEC-B2E3946A36A5}"
EndProject
Global
	GlobalSection(SolutionConfigurationPlatforms) = preSolution
		Debug|Any CPU = Debug|Any CPU
		Release|Any CPU = Release|Any CPU
	EndGlobalSection
	GlobalSection(ProjectConfigurationPlatforms) = postSolution
		{4E3E4DF3-5415-455C-B46D-C5A4A25CDCF7}.Debug|Any CPU.ActiveCfg = Debug|Any CPU
		{4E3E4DF3-5415-455C-B46D-C5A4A25CDCF7}.Debug|Any CPU.Build.0 = Debug|Any CPU
		{4E3E4DF3-5415-455C-B46D-C5A4A25CDCF7}.Release|Any CPU.ActiveCfg = Release|Any CPU
		{4E3E4DF3-5415-455C-B46D-C5A4A25CDCF7}.Release|Any CPU.Build.0 = Release|Any CPU
		{2ED27C40-5D5E-4B00-91F2-1D0531CF5363}.Debug|Any CPU.ActiveCfg = Debug|Any CPU
		{2ED27C40-5D5E-4B00-91F2-1D0531CF5363}.Debug|Any CPU.Build.0 = Debug|Any CPU
		{2ED27C40-5D5E-4B00-91F2-1D0531CF5363}.Release|Any CPU.ActiveCfg = Release|Any CPU
		{2ED27C40-5D5E-4B00-91F2-1D0531CF5363}.Release|Any CPU.Build.0 = Release|Any CPU
		{2342FD80-0FE5-48DA-9F38-DBCD34E8C32E}.Debug|Any CPU.ActiveCfg = Debug|Any CPU
		{2342FD80-0FE5-48DA-9F38-DBCD34E8C32E}.Debug|Any CPU.Build.0 = Debug|Any CPU
		{2342FD80-0FE5-48DA-9F38-DBCD34E8C32E}.Release|Any CPU.ActiveCfg = Release|Any CPU
		{2342FD80-0FE5-48DA-9F38-DBCD34E8C32E}.Release|Any CPU.Build.0 = Release|Any CPU
		{D33E1F7B-C90C-487A-8EEC-B2E3946A36A5}.Debug|Any CPU.ActiveCfg = Debug|Any CPU
		{D33E1F7B-C90C-487A-8EEC-B2E3946A36A5}.Debug|Any CPU.Build.0 = Debug|Any CPU
		{D33E1F7B-C90C-487A-8EEC-B2E3946A36A5}.Release|Any CPU.ActiveCfg = Release|Any CPU
		{D33E1F7B-C90C-487A-8EEC-B2E3946A36A5}.Release|Any CPU.Build.0 = Release|Any CPU
	EndGlobalSection
	GlobalSection(SolutionProperties) = preSolution
		HideSolutionNode = FALSE
	EndGlobalSection
	GlobalSection(ExtensibilityGlobals) = postSolution
		SolutionGuid = {1C112F2E-1B40-4FA1-AF03-54CD6754E157}
	EndGlobalSection
EndGlobal
